
Microsoft Visual Studio Solution File, Format Version 12.00
# Visual Studio Version 16
VisualStudioVersion = 16.0.29806.167
MinimumVisualStudioVersion = 10.0.40219.1
Project("{8BC9CEB8-8B4A-11D0-8D11-00A0C91BC942}") = "lvgl_similator", "lvgl_similator.vcxproj", "{6FC1DA5B-EFA5-4BEA-AB12-0F510C9A2EBC}"
EndProject
Global
	GlobalSection(SolutionConfigurationPlatforms) = preSolution
		Debug|x64 = Debug|x64
		Debug|x86 = Debug|x86
		Release|x64 = Release|x64
		Release|x86 = Release|x86
	EndGlobalSection
	GlobalSection(ProjectConfigurationPlatforms) = postSolution
		{6FC1DA5B-EFA5-4BEA-AB12-0F510C9A2EBC}.Debug|x64.ActiveCfg = Debug|x64
		{6FC1DA5B-EFA5-4BEA-AB12-0F510C9A2EBC}.Debug|x64.Build.0 = Debug|x64
		{6FC1DA5B-EFA5-4BEA-AB12-0F510C9A2EBC}.Debug|x86.ActiveCfg = Debug|Win32
		{6FC1DA5B-EFA5-4BEA-AB12-0F510C9A2EBC}.Debug|x86.Build.0 = Debug|Win32
		{6FC1DA5B-EFA5-4BEA-AB12-0F510C9A2EBC}.Release|x64.ActiveCfg = Release|x64
		{6FC1DA5B-EFA5-4BEA-AB12-0F510C9A2EBC}.Release|x64.Build.0 = Release|x64
		{6FC1DA5B-EFA5-4BEA-AB12-0F510C9A2EBC}.Release|x86.ActiveCfg = Release|Win32
		{6FC1DA5B-EFA5-4BEA-AB12-0F510C9A2EBC}.Release|x86.Build.0 = Release|Win32
	EndGlobalSection
	GlobalSection(SolutionProperties) = preSolution
		HideSolutionNode = FALSE
	EndGlobalSection
	GlobalSection(ExtensibilityGlobals) = postSolution
		SolutionGuid = {945F564C-362D-4C4E-8C7B-DDE2E80E0B03}
	EndGlobalSection
EndGlobal
