<?xml version="1.0" encoding="utf-8"?>
<Project ToolsVersion="4.0" xmlns="http://schemas.microsoft.com/developer/msbuild/2003">
  <ItemGroup>
    <Filter Include="Source Files">
      <UniqueIdentifier>{4FC737F1-C7A5-4376-A066-2A32D752A2FF}</UniqueIdentifier>
      <Extensions>cpp;c;cc;cxx;def;odl;idl;hpj;bat;asm;asmx</Extensions>
    </Filter>
    <Filter Include="Header Files">
      <UniqueIdentifier>{93995380-89BD-4b04-88EB-625FBE52EBFB}</UniqueIdentifier>
      <Extensions>h;hh;hpp;hxx;hm;inl;inc;xsd</Extensions>
    </Filter>
    <Filter Include="Resource Files">
      <UniqueIdentifier>{67DA6AB6-F800-4c08-8B7A-83BB121AAD01}</UniqueIdentifier>
      <Extensions>rc;ico;cur;bmp;dlg;rc2;rct;bin;rgs;gif;jpg;jpeg;jpe;resx;tiff;tif;png;wav;mfcribbon-ms</Extensions>
    </Filter>
  </ItemGroup>
  <ItemGroup>
    <None Include="HoloCubic_fw.ino" />
  </ItemGroup>
  <ItemGroup>
    <ClInclude Include="ambient.h">
      <Filter>Header Files</Filter>
    </ClInclude>
    <ClInclude Include="display.h">
      <Filter>Header Files</Filter>
    </ClInclude>
    <ClInclude Include="imu.h">
      <Filter>Header Files</Filter>
    </ClInclude>
    <ClInclude Include="lv_port_indev.h">
      <Filter>Header Files</Filter>
    </ClInclude>
    <ClInclude Include="rgb_led.h">
      <Filter>Header Files</Filter>
    </ClInclude>
    <ClInclude Include="lv_demo_encoder.h">
      <Filter>Header Files</Filter>
    </ClInclude>
    <ClInclude Include="lv_cubic_gui.h">
      <Filter>Header Files</Filter>
    </ClInclude>
    <ClInclude Include="sd_card.h">
      <Filter>Header Files</Filter>
    </ClInclude>
    <ClInclude Include="network.h">
      <Filter>Header Files</Filter>
    </ClInclude>
    <ClInclude Include="images.h">
      <Filter>Header Files</Filter>
    </ClInclude>
  </ItemGroup>
  <ItemGroup>
    <ClCompile Include="lv_port_indev.c">
      <Filter>Source Files</Filter>
    </ClCompile>
    <ClCompile Include="ambient.cpp">
      <Filter>Source Files</Filter>
    </ClCompile>
    <ClCompile Include="display.cpp">
      <Filter>Source Files</Filter>
    </ClCompile>
    <ClCompile Include="imu.cpp">
      <Filter>Source Files</Filter>
    </ClCompile>
    <ClCompile Include="rgb_led.cpp">
      <Filter>Source Files</Filter>
    </ClCompile>
    <ClCompile Include="lv_demo_encoder.c">
      <Filter>Source Files</Filter>
    </ClCompile>
    <ClCompile Include="lv_cubic_gui.c">
      <Filter>Source Files</Filter>
    </ClCompile>
    <ClCompile Include="sd_card.cpp">
      <Filter>Source Files</Filter>
    </ClCompile>
    <ClCompile Include="network.cpp">
      <Filter>Source Files</Filter>
    </ClCompile>
  </ItemGroup>
</Project>